
Microsoft Visual Studio Solution File, Format Version 12.00
# Visual Studio Version 17
VisualStudioVersion = 17.4.33103.184
MinimumVisualStudioVersion = 10.0.40219.1
Project("{FAE04EC0-301F-11D3-BF4B-00C04F79EFBC}") = "assignment_16_dec", "assignment_16_dec\assignment_16_dec.csproj", "{5404F404-F676-4DF1-831D-78E217E94CA8}"
EndProject
Global
	GlobalSection(SolutionConfigurationPlatforms) = preSolution
		Debug|Any CPU = Debug|Any CPU
		Release|Any CPU = Release|Any CPU
	EndGlobalSection
	GlobalSection(ProjectConfigurationPlatforms) = postSolution
		{5404F404-F676-4DF1-831D-78E217E94CA8}.Debug|Any CPU.ActiveCfg = Debug|Any CPU
		{5404F404-F676-4DF1-831D-78E217E94CA8}.Debug|Any CPU.Build.0 = Debug|Any CPU
		{5404F404-F676-4DF1-831D-78E217E94CA8}.Release|Any CPU.ActiveCfg = Release|Any CPU
		{5404F404-F676-4DF1-831D-78E217E94CA8}.Release|Any CPU.Build.0 = Release|Any CPU
	EndGlobalSection
	GlobalSection(SolutionProperties) = preSolution
		HideSolutionNode = FALSE
	EndGlobalSection
	GlobalSection(ExtensibilityGlobals) = postSolution
		SolutionGuid = {73435F02-FD3E-4F3D-9292-3CFD23D754AF}
	EndGlobalSection
EndGlobal
